
Microsoft Visual Studio Solution File, Format Version 12.00
# Visual Studio Version 16
VisualStudioVersion = 25.0.1700.0
MinimumVisualStudioVersion = 10.0.40219.1
Project("{FAE04EC0-301F-11D3-BF4B-00C04F79EFBC}") = "XmlToJsonConverter", "XmlToJsonConverter\XmlToJsonConverter.csproj", "{55AD3F5B-71E6-42C4-8998-B7FF191906EF}"
EndProject
Global
	GlobalSection(SolutionConfigurationPlatforms) = preSolution
		Debug|Any CPU = Debug|Any CPU
		Release|Any CPU = Release|Any CPU
	EndGlobalSection
	GlobalSection(ProjectConfigurationPlatforms) = postSolution
		{55AD3F5B-71E6-42C4-8998-B7FF191906EF}.Debug|Any CPU.ActiveCfg = Debug|Any CPU
		{55AD3F5B-71E6-42C4-8998-B7FF191906EF}.Debug|Any CPU.Build.0 = Debug|Any CPU
		{55AD3F5B-71E6-42C4-8998-B7FF191906EF}.Release|Any CPU.ActiveCfg = Release|Any CPU
		{55AD3F5B-71E6-42C4-8998-B7FF191906EF}.Release|Any CPU.Build.0 = Release|Any CPU
	EndGlobalSection
	GlobalSection(SolutionProperties) = preSolution
		HideSolutionNode = FALSE
	EndGlobalSection
	GlobalSection(ExtensibilityGlobals) = postSolution
		SolutionGuid = {9B78037B-2AE9-4CC2-BEEB-C1C5A6B4A44D}
	EndGlobalSection
EndGlobal
