// !$*UTF8*$!
{
	archiveVersion = 1;
	classes = {
	};
	objectVersion = 55;
	objects = {

/* Begin PBXBuildFile section */
		BF04C815277B242100B8A01A /* SongModel.swift in Sources */ = {isa = PBXBuildFile; fileRef = BF04C814277B242100B8A01A /* SongModel.swift */; };
		BF4BCFED277B44D20065B21D /* MarkerModel.swift in Sources */ = {isa = PBXBuildFile; fileRef = BF4BCFEC277B44D20065B21D /* MarkerModel.swift */; };
		BF4BCFF1277B45D70065B21D /* TrackModel.swift in Sources */ = {isa = PBXBuildFile; fileRef = BF4BCFF0277B45D70065B21D /* TrackModel.swift */; };
		BF4BCFF3277B46D40065B21D /* PatchModel.swift in Sources */ = {isa = PBXBuildFile; fileRef = BF4BCFF2277B46D40065B21D /* PatchModel.swift */; };
		BF4BCFF5277B47460065B21D /* ProgramModel.swift in Sources */ = {isa = PBXBuildFile; fileRef = BF4BCFF4277B47460065B21D /* ProgramModel.swift */; };
		BF4BCFF7277B48600065B21D /* LibraryModel.swift in Sources */ = {isa = PBXBuildFile; fileRef = BF4BCFF6277B48600065B21D /* LibraryModel.swift */; };
		BF4BCFF9277B493D0065B21D /* ConfigRootModel.swift in Sources */ = {isa = PBXBuildFile; fileRef = BF4BCFF8277B493D0065B21D /* ConfigRootModel.swift */; };
		BF4BCFFC277B4CE90065B21D /* DevicesManager.swift in Sources */ = {isa = PBXBuildFile; fileRef = BF4BCFFB277B4CE90065B21D /* DevicesManager.swift */; };
		BF68DBFF277E1584007907A3 /* FractalDeviceProtocol.swift in Sources */ = {isa = PBXBuildFile; fileRef = BF68DBFE277E1584007907A3 /* FractalDeviceProtocol.swift */; };
		BF68DC01277E1650007907A3 /* DeviceManagerProtocol.swift in Sources */ = {isa = PBXBuildFile; fileRef = BF68DC00277E1650007907A3 /* DeviceManagerProtocol.swift */; };
		BF68DC03277E1C7B007907A3 /* Patch.swift in Sources */ = {isa = PBXBuildFile; fileRef = BF68DC02277E1C7B007907A3 /* Patch.swift */; };
		BF68DC05277E1CF8007907A3 /* Song.swift in Sources */ = {isa = PBXBuildFile; fileRef = BF68DC04277E1CF8007907A3 /* Song.swift */; };
		BF6C355C277326E600DBE3D5 /* guitar_dashboard_for_iosApp.swift in Sources */ = {isa = PBXBuildFile; fileRef = BF6C355B277326E600DBE3D5 /* guitar_dashboard_for_iosApp.swift */; };
		BF6C355E277326E600DBE3D5 /* ContentView.swift in Sources */ = {isa = PBXBuildFile; fileRef = BF6C355D277326E600DBE3D5 /* ContentView.swift */; };
		BF6C3560277326E700DBE3D5 /* Assets.xcassets in Resources */ = {isa = PBXBuildFile; fileRef = BF6C355F277326E700DBE3D5 /* Assets.xcassets */; };
		BF6C3563277326E700DBE3D5 /* Preview Assets.xcassets in Resources */ = {isa = PBXBuildFile; fileRef = BF6C3562277326E700DBE3D5 /* Preview Assets.xcassets */; };
		BF6C356D277326E800DBE3D5 /* guitar_dashboard_for_iosTests.swift in Sources */ = {isa = PBXBuildFile; fileRef = BF6C356C277326E800DBE3D5 /* guitar_dashboard_for_iosTests.swift */; };
		BF6C3577277326E800DBE3D5 /* guitar_dashboard_for_iosUITests.swift in Sources */ = {isa = PBXBuildFile; fileRef = BF6C3576277326E800DBE3D5 /* guitar_dashboard_for_iosUITests.swift */; };
		BF6C3579277326E800DBE3D5 /* guitar_dashboard_for_iosUITestsLaunchTests.swift in Sources */ = {isa = PBXBuildFile; fileRef = BF6C3578277326E800DBE3D5 /* guitar_dashboard_for_iosUITestsLaunchTests.swift */; };
		BFAA8F23277B79A400B65DBF /* SongView.swift in Sources */ = {isa = PBXBuildFile; fileRef = BFAA8F22277B79A400B65DBF /* SongView.swift */; };
		BFAA8F25277B7EF700B65DBF /* SongListView.swift in Sources */ = {isa = PBXBuildFile; fileRef = BFAA8F24277B7EF700B65DBF /* SongListView.swift */; };
		BFAA8F28277C69BE00B65DBF /* MidiPortsView.swift in Sources */ = {isa = PBXBuildFile; fileRef = BFAA8F27277C69BE00B65DBF /* MidiPortsView.swift */; };
		BFAA8F2A277C6FFF00B65DBF /* MidiFactoryProtocol.swift in Sources */ = {isa = PBXBuildFile; fileRef = BFAA8F29277C6FFF00B65DBF /* MidiFactoryProtocol.swift */; };
		BFAA8F2D277C73A300B65DBF /* DIContainerProtocol.swift in Sources */ = {isa = PBXBuildFile; fileRef = BFAA8F2C277C73A300B65DBF /* DIContainerProtocol.swift */; };
		BFBE12AB2773482D001CF3C5 /* MidiInfo.swift in Sources */ = {isa = PBXBuildFile; fileRef = BFBE12A92773482D001CF3C5 /* MidiInfo.swift */; };
		BFBE12AC2773482D001CF3C5 /* MidiOutputPort.swift in Sources */ = {isa = PBXBuildFile; fileRef = BFBE12AA2773482D001CF3C5 /* MidiOutputPort.swift */; };
		BFBE12AE2773981C001CF3C5 /* MidiFactory.swift in Sources */ = {isa = PBXBuildFile; fileRef = BFBE12AD2773981C001CF3C5 /* MidiFactory.swift */; };
		BFBE12B02773A0CA001CF3C5 /* MidiError.swift in Sources */ = {isa = PBXBuildFile; fileRef = BFBE12AF2773A0CA001CF3C5 /* MidiError.swift */; };
		BFBE12B22773B4B5001CF3C5 /* FractalDevice.swift in Sources */ = {isa = PBXBuildFile; fileRef = BFBE12B12773B4B5001CF3C5 /* FractalDevice.swift */; };
		BFBE12B42773B5C0001CF3C5 /* ProgramScene.swift in Sources */ = {isa = PBXBuildFile; fileRef = BFBE12B32773B5C0001CF3C5 /* ProgramScene.swift */; };
/* End PBXBuildFile section */

/* Begin PBXContainerItemProxy section */
		BF6C3569277326E800DBE3D5 /* PBXContainerItemProxy */ = {
			isa = PBXContainerItemProxy;
			containerPortal = BF6C3550277326E600DBE3D5 /* Project object */;
			proxyType = 1;
			remoteGlobalIDString = BF6C3557277326E600DBE3D5;
			remoteInfo = "guitar-dashboard-for-ios";
		};
		BF6C3573277326E800DBE3D5 /* PBXContainerItemProxy */ = {
			isa = PBXContainerItemProxy;
			containerPortal = BF6C3550277326E600DBE3D5 /* Project object */;
			proxyType = 1;
			remoteGlobalIDString = BF6C3557277326E600DBE3D5;
			remoteInfo = "guitar-dashboard-for-ios";
		};
/* End PBXContainerItemProxy section */

/* Begin PBXFileReference section */
		BF04C814277B242100B8A01A /* SongModel.swift */ = {isa = PBXFileReference; lastKnownFileType = sourcecode.swift; path = SongModel.swift; sourceTree = "<group>"; };
		BF4BCFEC277B44D20065B21D /* MarkerModel.swift */ = {isa = PBXFileReference; lastKnownFileType = sourcecode.swift; path = MarkerModel.swift; sourceTree = "<group>"; };
		BF4BCFF0277B45D70065B21D /* TrackModel.swift */ = {isa = PBXFileReference; lastKnownFileType = sourcecode.swift; path = TrackModel.swift; sourceTree = "<group>"; };
		BF4BCFF2277B46D40065B21D /* PatchModel.swift */ = {isa = PBXFileReference; lastKnownFileType = sourcecode.swift; path = PatchModel.swift; sourceTree = "<group>"; };
		BF4BCFF4277B47460065B21D /* ProgramModel.swift */ = {isa = PBXFileReference; lastKnownFileType = sourcecode.swift; path = ProgramModel.swift; sourceTree = "<group>"; };
		BF4BCFF6277B48600065B21D /* LibraryModel.swift */ = {isa = PBXFileReference; lastKnownFileType = sourcecode.swift; path = LibraryModel.swift; sourceTree = "<group>"; };
		BF4BCFF8277B493D0065B21D /* ConfigRootModel.swift */ = {isa = PBXFileReference; lastKnownFileType = sourcecode.swift; path = ConfigRootModel.swift; sourceTree = "<group>"; };
		BF4BCFFB277B4CE90065B21D /* DevicesManager.swift */ = {isa = PBXFileReference; lastKnownFileType = sourcecode.swift; path = DevicesManager.swift; sourceTree = "<group>"; };
		BF68DBFE277E1584007907A3 /* FractalDeviceProtocol.swift */ = {isa = PBXFileReference; lastKnownFileType = sourcecode.swift; path = FractalDeviceProtocol.swift; sourceTree = "<group>"; };
		BF68DC00277E1650007907A3 /* DeviceManagerProtocol.swift */ = {isa = PBXFileReference; lastKnownFileType = sourcecode.swift; path = DeviceManagerProtocol.swift; sourceTree = "<group>"; };
		BF68DC02277E1C7B007907A3 /* Patch.swift */ = {isa = PBXFileReference; lastKnownFileType = sourcecode.swift; path = Patch.swift; sourceTree = "<group>"; };
		BF68DC04277E1CF8007907A3 /* Song.swift */ = {isa = PBXFileReference; lastKnownFileType = sourcecode.swift; path = Song.swift; sourceTree = "<group>"; };
		BF6C3558277326E600DBE3D5 /* guitar-dashboard-for-ios.app */ = {isa = PBXFileReference; explicitFileType = wrapper.application; includeInIndex = 0; path = "guitar-dashboard-for-ios.app"; sourceTree = BUILT_PRODUCTS_DIR; };
		BF6C355B277326E600DBE3D5 /* guitar_dashboard_for_iosApp.swift */ = {isa = PBXFileReference; lastKnownFileType = sourcecode.swift; path = guitar_dashboard_for_iosApp.swift; sourceTree = "<group>"; };
		BF6C355D277326E600DBE3D5 /* ContentView.swift */ = {isa = PBXFileReference; lastKnownFileType = sourcecode.swift; path = ContentView.swift; sourceTree = "<group>"; };
		BF6C355F277326E700DBE3D5 /* Assets.xcassets */ = {isa = PBXFileReference; lastKnownFileType = folder.assetcatalog; path = Assets.xcassets; sourceTree = "<group>"; };
		BF6C3562277326E700DBE3D5 /* Preview Assets.xcassets */ = {isa = PBXFileReference; lastKnownFileType = folder.assetcatalog; path = "Preview Assets.xcassets"; sourceTree = "<group>"; };
		BF6C3568277326E800DBE3D5 /* guitar-dashboard-for-iosTests.xctest */ = {isa = PBXFileReference; explicitFileType = wrapper.cfbundle; includeInIndex = 0; path = "guitar-dashboard-for-iosTests.xctest"; sourceTree = BUILT_PRODUCTS_DIR; };
		BF6C356C277326E800DBE3D5 /* guitar_dashboard_for_iosTests.swift */ = {isa = PBXFileReference; lastKnownFileType = sourcecode.swift; path = guitar_dashboard_for_iosTests.swift; sourceTree = "<group>"; };
		BF6C3572277326E800DBE3D5 /* guitar-dashboard-for-iosUITests.xctest */ = {isa = PBXFileReference; explicitFileType = wrapper.cfbundle; includeInIndex = 0; path = "guitar-dashboard-for-iosUITests.xctest"; sourceTree = BUILT_PRODUCTS_DIR; };
		BF6C3576277326E800DBE3D5 /* guitar_dashboard_for_iosUITests.swift */ = {isa = PBXFileReference; lastKnownFileType = sourcecode.swift; path = guitar_dashboard_for_iosUITests.swift; sourceTree = "<group>"; };
		BF6C3578277326E800DBE3D5 /* guitar_dashboard_for_iosUITestsLaunchTests.swift */ = {isa = PBXFileReference; lastKnownFileType = sourcecode.swift; path = guitar_dashboard_for_iosUITestsLaunchTests.swift; sourceTree = "<group>"; };
		BFAA8F22277B79A400B65DBF /* SongView.swift */ = {isa = PBXFileReference; lastKnownFileType = sourcecode.swift; path = SongView.swift; sourceTree = "<group>"; };
		BFAA8F24277B7EF700B65DBF /* SongListView.swift */ = {isa = PBXFileReference; lastKnownFileType = sourcecode.swift; path = SongListView.swift; sourceTree = "<group>"; };
		BFAA8F27277C69BE00B65DBF /* MidiPortsView.swift */ = {isa = PBXFileReference; lastKnownFileType = sourcecode.swift; path = MidiPortsView.swift; sourceTree = "<group>"; };
		BFAA8F29277C6FFF00B65DBF /* MidiFactoryProtocol.swift */ = {isa = PBXFileReference; lastKnownFileType = sourcecode.swift; path = MidiFactoryProtocol.swift; sourceTree = "<group>"; };
		BFAA8F2C277C73A300B65DBF /* DIContainerProtocol.swift */ = {isa = PBXFileReference; lastKnownFileType = sourcecode.swift; path = DIContainerProtocol.swift; sourceTree = "<group>"; };
		BFBE12A92773482D001CF3C5 /* MidiInfo.swift */ = {isa = PBXFileReference; fileEncoding = 4; lastKnownFileType = sourcecode.swift; path = MidiInfo.swift; sourceTree = "<group>"; };
		BFBE12AA2773482D001CF3C5 /* MidiOutputPort.swift */ = {isa = PBXFileReference; fileEncoding = 4; lastKnownFileType = sourcecode.swift; path = MidiOutputPort.swift; sourceTree = "<group>"; };
		BFBE12AD2773981C001CF3C5 /* MidiFactory.swift */ = {isa = PBXFileReference; lastKnownFileType = sourcecode.swift; path = MidiFactory.swift; sourceTree = "<group>"; };
		BFBE12AF2773A0CA001CF3C5 /* MidiError.swift */ = {isa = PBXFileReference; lastKnownFileType = sourcecode.swift; path = MidiError.swift; sourceTree = "<group>"; };
		BFBE12B12773B4B5001CF3C5 /* FractalDevice.swift */ = {isa = PBXFileReference; lastKnownFileType = sourcecode.swift; path = FractalDevice.swift; sourceTree = "<group>"; };
		BFBE12B32773B5C0001CF3C5 /* ProgramScene.swift */ = {isa = PBXFileReference; lastKnownFileType = sourcecode.swift; path = ProgramScene.swift; sourceTree = "<group>"; };
/* End PBXFileReference section */

/* Begin PBXFrameworksBuildPhase section */
		BF6C3555277326E600DBE3D5 /* Frameworks */ = {
			isa = PBXFrameworksBuildPhase;
			buildActionMask = 2147483647;
			files = (
			);
			runOnlyForDeploymentPostprocessing = 0;
		};
		BF6C3565277326E800DBE3D5 /* Frameworks */ = {
			isa = PBXFrameworksBuildPhase;
			buildActionMask = 2147483647;
			files = (
			);
			runOnlyForDeploymentPostprocessing = 0;
		};
		BF6C356F277326E800DBE3D5 /* Frameworks */ = {
			isa = PBXFrameworksBuildPhase;
			buildActionMask = 2147483647;
			files = (
			);
			runOnlyForDeploymentPostprocessing = 0;
		};
/* End PBXFrameworksBuildPhase section */

/* Begin PBXGroup section */
		BF04C813277B23FD00B8A01A /* Models */ = {
			isa = PBXGroup;
			children = (
				BF04C814277B242100B8A01A /* SongModel.swift */,
				BF4BCFEC277B44D20065B21D /* MarkerModel.swift */,
				BF4BCFF0277B45D70065B21D /* TrackModel.swift */,
				BF4BCFF2277B46D40065B21D /* PatchModel.swift */,
				BF4BCFF4277B47460065B21D /* ProgramModel.swift */,
				BF4BCFF6277B48600065B21D /* LibraryModel.swift */,
				BF4BCFF8277B493D0065B21D /* ConfigRootModel.swift */,
			);
			path = Models;
			sourceTree = "<group>";
		};
		BF4BCFFA277B4CD60065B21D /* Devices */ = {
			isa = PBXGroup;
			children = (
				BF4BCFFB277B4CE90065B21D /* DevicesManager.swift */,
				BF68DC00277E1650007907A3 /* DeviceManagerProtocol.swift */,
				BF68DC02277E1C7B007907A3 /* Patch.swift */,
				BF68DC04277E1CF8007907A3 /* Song.swift */,
			);
			path = Devices;
			sourceTree = "<group>";
		};
		BF6C354F277326E600DBE3D5 = {
			isa = PBXGroup;
			children = (
				BF6C355A277326E600DBE3D5 /* guitar-dashboard-for-ios */,
				BF6C356B277326E800DBE3D5 /* guitar-dashboard-for-iosTests */,
				BF6C3575277326E800DBE3D5 /* guitar-dashboard-for-iosUITests */,
				BF6C3559277326E600DBE3D5 /* Products */,
			);
			sourceTree = "<group>";
		};
		BF6C3559277326E600DBE3D5 /* Products */ = {
			isa = PBXGroup;
			children = (
				BF6C3558277326E600DBE3D5 /* guitar-dashboard-for-ios.app */,
				BF6C3568277326E800DBE3D5 /* guitar-dashboard-for-iosTests.xctest */,
				BF6C3572277326E800DBE3D5 /* guitar-dashboard-for-iosUITests.xctest */,
			);
			name = Products;
			sourceTree = "<group>";
		};
		BF6C355A277326E600DBE3D5 /* guitar-dashboard-for-ios */ = {
			isa = PBXGroup;
			children = (
				BFAA8F2B277C737100B65DBF /* Tools */,
				BFAA8F26277C69A200B65DBF /* Views */,
				BF4BCFFA277B4CD60065B21D /* Devices */,
				BF04C813277B23FD00B8A01A /* Models */,
				BFBE12A8277347C2001CF3C5 /* Midi */,
				BF6C355B277326E600DBE3D5 /* guitar_dashboard_for_iosApp.swift */,
				BF6C355D277326E600DBE3D5 /* ContentView.swift */,
				BF6C355F277326E700DBE3D5 /* Assets.xcassets */,
				BF6C3561277326E700DBE3D5 /* Preview Content */,
			);
			path = "guitar-dashboard-for-ios";
			sourceTree = "<group>";
		};
		BF6C3561277326E700DBE3D5 /* Preview Content */ = {
			isa = PBXGroup;
			children = (
				BF6C3562277326E700DBE3D5 /* Preview Assets.xcassets */,
			);
			path = "Preview Content";
			sourceTree = "<group>";
		};
		BF6C356B277326E800DBE3D5 /* guitar-dashboard-for-iosTests */ = {
			isa = PBXGroup;
			children = (
				BF6C356C277326E800DBE3D5 /* guitar_dashboard_for_iosTests.swift */,
			);
			path = "guitar-dashboard-for-iosTests";
			sourceTree = "<group>";
		};
		BF6C3575277326E800DBE3D5 /* guitar-dashboard-for-iosUITests */ = {
			isa = PBXGroup;
			children = (
				BF6C3576277326E800DBE3D5 /* guitar_dashboard_for_iosUITests.swift */,
				BF6C3578277326E800DBE3D5 /* guitar_dashboard_for_iosUITestsLaunchTests.swift */,
			);
			path = "guitar-dashboard-for-iosUITests";
			sourceTree = "<group>";
		};
		BFAA8F26277C69A200B65DBF /* Views */ = {
			isa = PBXGroup;
			children = (
				BFAA8F22277B79A400B65DBF /* SongView.swift */,
				BFAA8F24277B7EF700B65DBF /* SongListView.swift */,
				BFAA8F27277C69BE00B65DBF /* MidiPortsView.swift */,
			);
			path = Views;
			sourceTree = "<group>";
		};
		BFAA8F2B277C737100B65DBF /* Tools */ = {
			isa = PBXGroup;
			children = (
				BFAA8F2C277C73A300B65DBF /* DIContainerProtocol.swift */,
			);
			path = Tools;
			sourceTree = "<group>";
		};
		BFBE12A8277347C2001CF3C5 /* Midi */ = {
			isa = PBXGroup;
			children = (
				BFBE12A92773482D001CF3C5 /* MidiInfo.swift */,
				BFBE12AA2773482D001CF3C5 /* MidiOutputPort.swift */,
				BFBE12AD2773981C001CF3C5 /* MidiFactory.swift */,
				BFBE12AF2773A0CA001CF3C5 /* MidiError.swift */,
				BFBE12B12773B4B5001CF3C5 /* FractalDevice.swift */,
				BFBE12B32773B5C0001CF3C5 /* ProgramScene.swift */,
				BFAA8F29277C6FFF00B65DBF /* MidiFactoryProtocol.swift */,
				BF68DBFE277E1584007907A3 /* FractalDeviceProtocol.swift */,
			);
			path = Midi;
			sourceTree = "<group>";
		};
/* End PBXGroup section */

/* Begin PBXNativeTarget section */
		BF6C3557277326E600DBE3D5 /* guitar-dashboard-for-ios */ = {
			isa = PBXNativeTarget;
			buildConfigurationList = BF6C357C277326E800DBE3D5 /* Build configuration list for PBXNativeTarget "guitar-dashboard-for-ios" */;
			buildPhases = (
				BF6C3554277326E600DBE3D5 /* Sources */,
				BF6C3555277326E600DBE3D5 /* Frameworks */,
				BF6C3556277326E600DBE3D5 /* Resources */,
			);
			buildRules = (
			);
			dependencies = (
			);
			name = "guitar-dashboard-for-ios";
			productName = "guitar-dashboard-for-ios";
			productReference = BF6C3558277326E600DBE3D5 /* guitar-dashboard-for-ios.app */;
			productType = "com.apple.product-type.application";
		};
		BF6C3567277326E800DBE3D5 /* guitar-dashboard-for-iosTests */ = {
			isa = PBXNativeTarget;
			buildConfigurationList = BF6C357F277326E800DBE3D5 /* Build configuration list for PBXNativeTarget "guitar-dashboard-for-iosTests" */;
			buildPhases = (
				BF6C3564277326E800DBE3D5 /* Sources */,
				BF6C3565277326E800DBE3D5 /* Frameworks */,
				BF6C3566277326E800DBE3D5 /* Resources */,
			);
			buildRules = (
			);
			dependencies = (
				BF6C356A277326E800DBE3D5 /* PBXTargetDependency */,
			);
			name = "guitar-dashboard-for-iosTests";
			productName = "guitar-dashboard-for-iosTests";
			productReference = BF6C3568277326E800DBE3D5 /* guitar-dashboard-for-iosTests.xctest */;
			productType = "com.apple.product-type.bundle.unit-test";
		};
		BF6C3571277326E800DBE3D5 /* guitar-dashboard-for-iosUITests */ = {
			isa = PBXNativeTarget;
			buildConfigurationList = BF6C3582277326E800DBE3D5 /* Build configuration list for PBXNativeTarget "guitar-dashboard-for-iosUITests" */;
			buildPhases = (
				BF6C356E277326E800DBE3D5 /* Sources */,
				BF6C356F277326E800DBE3D5 /* Frameworks */,
				BF6C3570277326E800DBE3D5 /* Resources */,
			);
			buildRules = (
			);
			dependencies = (
				BF6C3574277326E800DBE3D5 /* PBXTargetDependency */,
			);
			name = "guitar-dashboard-for-iosUITests";
			productName = "guitar-dashboard-for-iosUITests";
			productReference = BF6C3572277326E800DBE3D5 /* guitar-dashboard-for-iosUITests.xctest */;
			productType = "com.apple.product-type.bundle.ui-testing";
		};
/* End PBXNativeTarget section */

/* Begin PBXProject section */
		BF6C3550277326E600DBE3D5 /* Project object */ = {
			isa = PBXProject;
			attributes = {
				BuildIndependentTargetsInParallel = 1;
				LastSwiftUpdateCheck = 1320;
				LastUpgradeCheck = 1320;
				TargetAttributes = {
					BF6C3557277326E600DBE3D5 = {
						CreatedOnToolsVersion = 13.2.1;
					};
					BF6C3567277326E800DBE3D5 = {
						CreatedOnToolsVersion = 13.2.1;
						TestTargetID = BF6C3557277326E600DBE3D5;
					};
					BF6C3571277326E800DBE3D5 = {
						CreatedOnToolsVersion = 13.2.1;
						TestTargetID = BF6C3557277326E600DBE3D5;
					};
				};
			};
			buildConfigurationList = BF6C3553277326E600DBE3D5 /* Build configuration list for PBXProject "guitar-dashboard-for-ios" */;
			compatibilityVersion = "Xcode 13.0";
			developmentRegion = en;
			hasScannedForEncodings = 0;
			knownRegions = (
				en,
				Base,
			);
			mainGroup = BF6C354F277326E600DBE3D5;
			productRefGroup = BF6C3559277326E600DBE3D5 /* Products */;
			projectDirPath = "";
			projectRoot = "";
			targets = (
				BF6C3557277326E600DBE3D5 /* guitar-dashboard-for-ios */,
				BF6C3567277326E800DBE3D5 /* guitar-dashboard-for-iosTests */,
				BF6C3571277326E800DBE3D5 /* guitar-dashboard-for-iosUITests */,
			);
		};
/* End PBXProject section */

/* Begin PBXResourcesBuildPhase section */
		BF6C3556277326E600DBE3D5 /* Resources */ = {
			isa = PBXResourcesBuildPhase;
			buildActionMask = 2147483647;
			files = (
				BF6C3563277326E700DBE3D5 /* Preview Assets.xcassets in Resources */,
				BF6C3560277326E700DBE3D5 /* Assets.xcassets in Resources */,
			);
			runOnlyForDeploymentPostprocessing = 0;
		};
		BF6C3566277326E800DBE3D5 /* Resources */ = {
			isa = PBXResourcesBuildPhase;
			buildActionMask = 2147483647;
			files = (
			);
			runOnlyForDeploymentPostprocessing = 0;
		};
		BF6C3570277326E800DBE3D5 /* Resources */ = {
			isa = PBXResourcesBuildPhase;
			buildActionMask = 2147483647;
			files = (
			);
			runOnlyForDeploymentPostprocessing = 0;
		};
/* End PBXResourcesBuildPhase section */

/* Begin PBXSourcesBuildPhase section */
		BF6C3554277326E600DBE3D5 /* Sources */ = {
			isa = PBXSourcesBuildPhase;
			buildActionMask = 2147483647;
			files = (
				BF04C815277B242100B8A01A /* SongModel.swift in Sources */,
				BF4BCFF7277B48600065B21D /* LibraryModel.swift in Sources */,
				BFAA8F2A277C6FFF00B65DBF /* MidiFactoryProtocol.swift in Sources */,
				BF68DC01277E1650007907A3 /* DeviceManagerProtocol.swift in Sources */,
				BFAA8F23277B79A400B65DBF /* SongView.swift in Sources */,
				BF4BCFF1277B45D70065B21D /* TrackModel.swift in Sources */,
				BFBE12AC2773482D001CF3C5 /* MidiOutputPort.swift in Sources */,
				BFAA8F28277C69BE00B65DBF /* MidiPortsView.swift in Sources */,
				BFBE12B22773B4B5001CF3C5 /* FractalDevice.swift in Sources */,
				BF6C355E277326E600DBE3D5 /* ContentView.swift in Sources */,
				BFAA8F25277B7EF700B65DBF /* SongListView.swift in Sources */,
				BFBE12B42773B5C0001CF3C5 /* ProgramScene.swift in Sources */,
				BF6C355C277326E600DBE3D5 /* guitar_dashboard_for_iosApp.swift in Sources */,
				BFBE12B02773A0CA001CF3C5 /* MidiError.swift in Sources */,
				BF68DBFF277E1584007907A3 /* FractalDeviceProtocol.swift in Sources */,
				BFBE12AB2773482D001CF3C5 /* MidiInfo.swift in Sources */,
				BF4BCFF9277B493D0065B21D /* ConfigRootModel.swift in Sources */,
				BFAA8F2D277C73A300B65DBF /* DIContainerProtocol.swift in Sources */,
				BFBE12AE2773981C001CF3C5 /* MidiFactory.swift in Sources */,
				BF68DC05277E1CF8007907A3 /* Song.swift in Sources */,
				BF4BCFF5277B47460065B21D /* ProgramModel.swift in Sources */,
				BF4BCFFC277B4CE90065B21D /* DevicesManager.swift in Sources */,
				BF4BCFF3277B46D40065B21D /* PatchModel.swift in Sources */,
				BF68DC03277E1C7B007907A3 /* Patch.swift in Sources */,
				BF4BCFED277B44D20065B21D /* MarkerModel.swift in Sources */,
			);
			runOnlyForDeploymentPostprocessing = 0;
		};
		BF6C3564277326E800DBE3D5 /* Sources */ = {
			isa = PBXSourcesBuildPhase;
			buildActionMask = 2147483647;
			files = (
				BF6C356D277326E800DBE3D5 /* guitar_dashboard_for_iosTests.swift in Sources */,
			);
			runOnlyForDeploymentPostprocessing = 0;
		};
		BF6C356E277326E800DBE3D5 /* Sources */ = {
			isa = PBXSourcesBuildPhase;
			buildActionMask = 2147483647;
			files = (
				BF6C3577277326E800DBE3D5 /* guitar_dashboard_for_iosUITests.swift in Sources */,
				BF6C3579277326E800DBE3D5 /* guitar_dashboard_for_iosUITestsLaunchTests.swift in Sources */,
			);
			runOnlyForDeploymentPostprocessing = 0;
		};
/* End PBXSourcesBuildPhase section */

/* Begin PBXTargetDependency section */
		BF6C356A277326E800DBE3D5 /* PBXTargetDependency */ = {
			isa = PBXTargetDependency;
			target = BF6C3557277326E600DBE3D5 /* guitar-dashboard-for-ios */;
			targetProxy = BF6C3569277326E800DBE3D5 /* PBXContainerItemProxy */;
		};
		BF6C3574277326E800DBE3D5 /* PBXTargetDependency */ = {
			isa = PBXTargetDependency;
			target = BF6C3557277326E600DBE3D5 /* guitar-dashboard-for-ios */;
			targetProxy = BF6C3573277326E800DBE3D5 /* PBXContainerItemProxy */;
		};
/* End PBXTargetDependency section */

/* Begin XCBuildConfiguration section */
		BF6C357A277326E800DBE3D5 /* Debug */ = {
			isa = XCBuildConfiguration;
			buildSettings = {
				ALWAYS_SEARCH_USER_PATHS = NO;
				CLANG_ANALYZER_NONNULL = YES;
				CLANG_ANALYZER_NUMBER_OBJECT_CONVERSION = YES_AGGRESSIVE;
				CLANG_CXX_LANGUAGE_STANDARD = "gnu++17";
				CLANG_CXX_LIBRARY = "libc++";
				CLANG_ENABLE_MODULES = YES;
				CLANG_ENABLE_OBJC_ARC = YES;
				CLANG_ENABLE_OBJC_WEAK = YES;
				CLANG_WARN_BLOCK_CAPTURE_AUTORELEASING = YES;
				CLANG_WARN_BOOL_CONVERSION = YES;
				CLANG_WARN_COMMA = YES;
				CLANG_WARN_CONSTANT_CONVERSION = YES;
				CLANG_WARN_DEPRECATED_OBJC_IMPLEMENTATIONS = YES;
				CLANG_WARN_DIRECT_OBJC_ISA_USAGE = YES_ERROR;
				CLANG_WARN_DOCUMENTATION_COMMENTS = YES;
				CLANG_WARN_EMPTY_BODY = YES;
				CLANG_WARN_ENUM_CONVERSION = YES;
				CLANG_WARN_INFINITE_RECURSION = YES;
				CLANG_WARN_INT_CONVERSION = YES;
				CLANG_WARN_NON_LITERAL_NULL_CONVERSION = YES;
				CLANG_WARN_OBJC_IMPLICIT_RETAIN_SELF = YES;
				CLANG_WARN_OBJC_LITERAL_CONVERSION = YES;
				CLANG_WARN_OBJC_ROOT_CLASS = YES_ERROR;
				CLANG_WARN_QUOTED_INCLUDE_IN_FRAMEWORK_HEADER = YES;
				CLANG_WARN_RANGE_LOOP_ANALYSIS = YES;
				CLANG_WARN_STRICT_PROTOTYPES = YES;
				CLANG_WARN_SUSPICIOUS_MOVE = YES;
				CLANG_WARN_UNGUARDED_AVAILABILITY = YES_AGGRESSIVE;
				CLANG_WARN_UNREACHABLE_CODE = YES;
				CLANG_WARN__DUPLICATE_METHOD_MATCH = YES;
				COPY_PHASE_STRIP = NO;
				DEBUG_INFORMATION_FORMAT = dwarf;
				ENABLE_STRICT_OBJC_MSGSEND = YES;
				ENABLE_TESTABILITY = YES;
				GCC_C_LANGUAGE_STANDARD = gnu11;
				GCC_DYNAMIC_NO_PIC = NO;
				GCC_NO_COMMON_BLOCKS = YES;
				GCC_OPTIMIZATION_LEVEL = 0;
				GCC_PREPROCESSOR_DEFINITIONS = (
					"DEBUG=1",
					"$(inherited)",
				);
				GCC_WARN_64_TO_32_BIT_CONVERSION = YES;
				GCC_WARN_ABOUT_RETURN_TYPE = YES_ERROR;
				GCC_WARN_UNDECLARED_SELECTOR = YES;
				GCC_WARN_UNINITIALIZED_AUTOS = YES_AGGRESSIVE;
				GCC_WARN_UNUSED_FUNCTION = YES;
				GCC_WARN_UNUSED_VARIABLE = YES;
				IPHONEOS_DEPLOYMENT_TARGET = 15.2;
				MTL_ENABLE_DEBUG_INFO = INCLUDE_SOURCE;
				MTL_FAST_MATH = YES;
				ONLY_ACTIVE_ARCH = YES;
				SDKROOT = iphoneos;
				SWIFT_ACTIVE_COMPILATION_CONDITIONS = DEBUG;
				SWIFT_OPTIMIZATION_LEVEL = "-Onone";
			};
			name = Debug;
		};
		BF6C357B277326E800DBE3D5 /* Release */ = {
			isa = XCBuildConfiguration;
			buildSettings = {
				ALWAYS_SEARCH_USER_PATHS = NO;
				CLANG_ANALYZER_NONNULL = YES;
				CLANG_ANALYZER_NUMBER_OBJECT_CONVERSION = YES_AGGRESSIVE;
				CLANG_CXX_LANGUAGE_STANDARD = "gnu++17";
				CLANG_CXX_LIBRARY = "libc++";
				CLANG_ENABLE_MODULES = YES;
				CLANG_ENABLE_OBJC_ARC = YES;
				CLANG_ENABLE_OBJC_WEAK = YES;
				CLANG_WARN_BLOCK_CAPTURE_AUTORELEASING = YES;
				CLANG_WARN_BOOL_CONVERSION = YES;
				CLANG_WARN_COMMA = YES;
				CLANG_WARN_CONSTANT_CONVERSION = YES;
				CLANG_WARN_DEPRECATED_OBJC_IMPLEMENTATIONS = YES;
				CLANG_WARN_DIRECT_OBJC_ISA_USAGE = YES_ERROR;
				CLANG_WARN_DOCUMENTATION_COMMENTS = YES;
				CLANG_WARN_EMPTY_BODY = YES;
				CLANG_WARN_ENUM_CONVERSION = YES;
				CLANG_WARN_INFINITE_RECURSION = YES;
				CLANG_WARN_INT_CONVERSION = YES;
				CLANG_WARN_NON_LITERAL_NULL_CONVERSION = YES;
				CLANG_WARN_OBJC_IMPLICIT_RETAIN_SELF = YES;
				CLANG_WARN_OBJC_LITERAL_CONVERSION = YES;
				CLANG_WARN_OBJC_ROOT_CLASS = YES_ERROR;
				CLANG_WARN_QUOTED_INCLUDE_IN_FRAMEWORK_HEADER = YES;
				CLANG_WARN_RANGE_LOOP_ANALYSIS = YES;
				CLANG_WARN_STRICT_PROTOTYPES = YES;
				CLANG_WARN_SUSPICIOUS_MOVE = YES;
				CLANG_WARN_UNGUARDED_AVAILABILITY = YES_AGGRESSIVE;
				CLANG_WARN_UNREACHABLE_CODE = YES;
				CLANG_WARN__DUPLICATE_METHOD_MATCH = YES;
				COPY_PHASE_STRIP = NO;
				DEBUG_INFORMATION_FORMAT = "dwarf-with-dsym";
				ENABLE_NS_ASSERTIONS = NO;
				ENABLE_STRICT_OBJC_MSGSEND = YES;
				GCC_C_LANGUAGE_STANDARD = gnu11;
				GCC_NO_COMMON_BLOCKS = YES;
				GCC_WARN_64_TO_32_BIT_CONVERSION = YES;
				GCC_WARN_ABOUT_RETURN_TYPE = YES_ERROR;
				GCC_WARN_UNDECLARED_SELECTOR = YES;
				GCC_WARN_UNINITIALIZED_AUTOS = YES_AGGRESSIVE;
				GCC_WARN_UNUSED_FUNCTION = YES;
				GCC_WARN_UNUSED_VARIABLE = YES;
				IPHONEOS_DEPLOYMENT_TARGET = 15.2;
				MTL_ENABLE_DEBUG_INFO = NO;
				MTL_FAST_MATH = YES;
				SDKROOT = iphoneos;
				SWIFT_COMPILATION_MODE = wholemodule;
				SWIFT_OPTIMIZATION_LEVEL = "-O";
				VALIDATE_PRODUCT = YES;
			};
			name = Release;
		};
		BF6C357D277326E800DBE3D5 /* Debug */ = {
			isa = XCBuildConfiguration;
			buildSettings = {
				ASSETCATALOG_COMPILER_APPICON_NAME = AppIcon;
				ASSETCATALOG_COMPILER_GLOBAL_ACCENT_COLOR_NAME = AccentColor;
				CODE_SIGN_STYLE = Automatic;
				CURRENT_PROJECT_VERSION = 1;
				DEVELOPMENT_ASSET_PATHS = "\"guitar-dashboard-for-ios/Preview Content\"";
				DEVELOPMENT_TEAM = G2H863N884;
				ENABLE_PREVIEWS = YES;
				GENERATE_INFOPLIST_FILE = YES;
				INFOPLIST_KEY_UIApplicationSceneManifest_Generation = YES;
				INFOPLIST_KEY_UIApplicationSupportsIndirectInputEvents = YES;
				INFOPLIST_KEY_UILaunchScreen_Generation = YES;
				INFOPLIST_KEY_UISupportedInterfaceOrientations_iPad = "UIInterfaceOrientationPortrait UIInterfaceOrientationPortraitUpsideDown UIInterfaceOrientationLandscapeLeft UIInterfaceOrientationLandscapeRight";
				INFOPLIST_KEY_UISupportedInterfaceOrientations_iPhone = "UIInterfaceOrientationPortrait UIInterfaceOrientationLandscapeLeft UIInterfaceOrientationLandscapeRight";
				LD_RUNPATH_SEARCH_PATHS = (
					"$(inherited)",
					"@executable_path/Frameworks",
				);
				MARKETING_VERSION = 1.0;
				PRODUCT_BUNDLE_IDENTIFIER = "premiata-compagnia-marconi.guitar-dashboard-for-ios";
				PRODUCT_NAME = "$(TARGET_NAME)";
				SWIFT_EMIT_LOC_STRINGS = YES;
				SWIFT_VERSION = 5.0;
				TARGETED_DEVICE_FAMILY = 2;
			};
			name = Debug;
		};
		BF6C357E277326E800DBE3D5 /* Release */ = {
			isa = XCBuildConfiguration;
			buildSettings = {
				ASSETCATALOG_COMPILER_APPICON_NAME = AppIcon;
				ASSETCATALOG_COMPILER_GLOBAL_ACCENT_COLOR_NAME = AccentColor;
				CODE_SIGN_STYLE = Automatic;
				CURRENT_PROJECT_VERSION = 1;
				DEVELOPMENT_ASSET_PATHS = "\"guitar-dashboard-for-ios/Preview Content\"";
				DEVELOPMENT_TEAM = G2H863N884;
				ENABLE_PREVIEWS = YES;
				GENERATE_INFOPLIST_FILE = YES;
				INFOPLIST_KEY_UIApplicationSceneManifest_Generation = YES;
				INFOPLIST_KEY_UIApplicationSupportsIndirectInputEvents = YES;
				INFOPLIST_KEY_UILaunchScreen_Generation = YES;
				INFOPLIST_KEY_UISupportedInterfaceOrientations_iPad = "UIInterfaceOrientationPortrait UIInterfaceOrientationPortraitUpsideDown UIInterfaceOrientationLandscapeLeft UIInterfaceOrientationLandscapeRight";
				INFOPLIST_KEY_UISupportedInterfaceOrientations_iPhone = "UIInterfaceOrientationPortrait UIInterfaceOrientationLandscapeLeft UIInterfaceOrientationLandscapeRight";
				LD_RUNPATH_SEARCH_PATHS = (
					"$(inherited)",
					"@executable_path/Frameworks",
				);
				MARKETING_VERSION = 1.0;
				PRODUCT_BUNDLE_IDENTIFIER = "premiata-compagnia-marconi.guitar-dashboard-for-ios";
				PRODUCT_NAME = "$(TARGET_NAME)";
				SWIFT_EMIT_LOC_STRINGS = YES;
				SWIFT_VERSION = 5.0;
				TARGETED_DEVICE_FAMILY = 2;
			};
			name = Release;
		};
		BF6C3580277326E800DBE3D5 /* Debug */ = {
			isa = XCBuildConfiguration;
			buildSettings = {
				ALWAYS_EMBED_SWIFT_STANDARD_LIBRARIES = YES;
				BUNDLE_LOADER = "$(TEST_HOST)";
				CODE_SIGN_STYLE = Automatic;
				CURRENT_PROJECT_VERSION = 1;
				DEVELOPMENT_TEAM = G2H863N884;
				GENERATE_INFOPLIST_FILE = YES;
				IPHONEOS_DEPLOYMENT_TARGET = 15.2;
				MARKETING_VERSION = 1.0;
				PRODUCT_BUNDLE_IDENTIFIER = "premiata-compagnia-marconi.guitar-dashboard-for-iosTests";
				PRODUCT_NAME = "$(TARGET_NAME)";
				SWIFT_EMIT_LOC_STRINGS = NO;
				SWIFT_VERSION = 5.0;
				TARGETED_DEVICE_FAMILY = "1,2";
				TEST_HOST = "$(BUILT_PRODUCTS_DIR)/guitar-dashboard-for-ios.app/guitar-dashboard-for-ios";
			};
			name = Debug;
		};
		BF6C3581277326E800DBE3D5 /* Release */ = {
			isa = XCBuildConfiguration;
			buildSettings = {
				ALWAYS_EMBED_SWIFT_STANDARD_LIBRARIES = YES;
				BUNDLE_LOADER = "$(TEST_HOST)";
				CODE_SIGN_STYLE = Automatic;
				CURRENT_PROJECT_VERSION = 1;
				DEVELOPMENT_TEAM = G2H863N884;
				GENERATE_INFOPLIST_FILE = YES;
				IPHONEOS_DEPLOYMENT_TARGET = 15.2;
				MARKETING_VERSION = 1.0;
				PRODUCT_BUNDLE_IDENTIFIER = "premiata-compagnia-marconi.guitar-dashboard-for-iosTests";
				PRODUCT_NAME = "$(TARGET_NAME)";
				SWIFT_EMIT_LOC_STRINGS = NO;
				SWIFT_VERSION = 5.0;
				TARGETED_DEVICE_FAMILY = "1,2";
				TEST_HOST = "$(BUILT_PRODUCTS_DIR)/guitar-dashboard-for-ios.app/guitar-dashboard-for-ios";
			};
			name = Release;
		};
		BF6C3583277326E800DBE3D5 /* Debug */ = {
			isa = XCBuildConfiguration;
			buildSettings = {
				ALWAYS_EMBED_SWIFT_STANDARD_LIBRARIES = YES;
				CODE_SIGN_STYLE = Automatic;
				CURRENT_PROJECT_VERSION = 1;
				DEVELOPMENT_TEAM = G2H863N884;
				GENERATE_INFOPLIST_FILE = YES;
				MARKETING_VERSION = 1.0;
				PRODUCT_BUNDLE_IDENTIFIER = "premiata-compagnia-marconi.guitar-dashboard-for-iosUITests";
				PRODUCT_NAME = "$(TARGET_NAME)";
				SWIFT_EMIT_LOC_STRINGS = NO;
				SWIFT_VERSION = 5.0;
				TARGETED_DEVICE_FAMILY = "1,2";
				TEST_TARGET_NAME = "guitar-dashboard-for-ios";
			};
			name = Debug;
		};
		BF6C3584277326E800DBE3D5 /* Release */ = {
			isa = XCBuildConfiguration;
			buildSettings = {
				ALWAYS_EMBED_SWIFT_STANDARD_LIBRARIES = YES;
				CODE_SIGN_STYLE = Automatic;
				CURRENT_PROJECT_VERSION = 1;
				DEVELOPMENT_TEAM = G2H863N884;
				GENERATE_INFOPLIST_FILE = YES;
				MARKETING_VERSION = 1.0;
				PRODUCT_BUNDLE_IDENTIFIER = "premiata-compagnia-marconi.guitar-dashboard-for-iosUITests";
				PRODUCT_NAME = "$(TARGET_NAME)";
				SWIFT_EMIT_LOC_STRINGS = NO;
				SWIFT_VERSION = 5.0;
				TARGETED_DEVICE_FAMILY = "1,2";
				TEST_TARGET_NAME = "guitar-dashboard-for-ios";
			};
			name = Release;
		};
/* End XCBuildConfiguration section */

/* Begin XCConfigurationList section */
		BF6C3553277326E600DBE3D5 /* Build configuration list for PBXProject "guitar-dashboard-for-ios" */ = {
			isa = XCConfigurationList;
			buildConfigurations = (
				BF6C357A277326E800DBE3D5 /* Debug */,
				BF6C357B277326E800DBE3D5 /* Release */,
			);
			defaultConfigurationIsVisible = 0;
			defaultConfigurationName = Release;
		};
		BF6C357C277326E800DBE3D5 /* Build configuration list for PBXNativeTarget "guitar-dashboard-for-ios" */ = {
			isa = XCConfigurationList;
			buildConfigurations = (
				BF6C357D277326E800DBE3D5 /* Debug */,
				BF6C357E277326E800DBE3D5 /* Release */,
			);
			defaultConfigurationIsVisible = 0;
			defaultConfigurationName = Release;
		};
		BF6C357F277326E800DBE3D5 /* Build configuration list for PBXNativeTarget "guitar-dashboard-for-iosTests" */ = {
			isa = XCConfigurationList;
			buildConfigurations = (
				BF6C3580277326E800DBE3D5 /* Debug */,
				BF6C3581277326E800DBE3D5 /* Release */,
			);
			defaultConfigurationIsVisible = 0;
			defaultConfigurationName = Release;
		};
		BF6C3582277326E800DBE3D5 /* Build configuration list for PBXNativeTarget "guitar-dashboard-for-iosUITests" */ = {
			isa = XCConfigurationList;
			buildConfigurations = (
				BF6C3583277326E800DBE3D5 /* Debug */,
				BF6C3584277326E800DBE3D5 /* Release */,
			);
			defaultConfigurationIsVisible = 0;
			defaultConfigurationName = Release;
		};
/* End XCConfigurationList section */
	};
	rootObject = BF6C3550277326E600DBE3D5 /* Project object */;
}
